
Microsoft Visual Studio Solution File, Format Version 12.00
# Visual Studio 15
VisualStudioVersion = 15.0.27703.2047
MinimumVisualStudioVersion = 10.0.40219.1
Project("{FAE04EC0-301F-11D3-BF4B-00C04F79EFBC}") = "Product_API", "Product_API\Product_API.csproj", "{03054D1D-B39A-45D1-83A8-2AEF5D737AF6}"
EndProject
Project("{FAE04EC0-301F-11D3-BF4B-00C04F79EFBC}") = "ProductTests", "ProductTests\ProductTests.csproj", "{DF392677-B466-43D9-8A84-EA421DFFF6DE}"
EndProject
Global
	GlobalSection(SolutionConfigurationPlatforms) = preSolution
		Debug|Any CPU = Debug|Any CPU
		Release|Any CPU = Release|Any CPU
	EndGlobalSection
	GlobalSection(ProjectConfigurationPlatforms) = postSolution
		{03054D1D-B39A-45D1-83A8-2AEF5D737AF6}.Debug|Any CPU.ActiveCfg = Debug|Any CPU
		{03054D1D-B39A-45D1-83A8-2AEF5D737AF6}.Debug|Any CPU.Build.0 = Debug|Any CPU
		{03054D1D-B39A-45D1-83A8-2AEF5D737AF6}.Release|Any CPU.ActiveCfg = Release|Any CPU
		{03054D1D-B39A-45D1-83A8-2AEF5D737AF6}.Release|Any CPU.Build.0 = Release|Any CPU
		{DF392677-B466-43D9-8A84-EA421DFFF6DE}.Debug|Any CPU.ActiveCfg = Debug|Any CPU
		{DF392677-B466-43D9-8A84-EA421DFFF6DE}.Debug|Any CPU.Build.0 = Debug|Any CPU
		{DF392677-B466-43D9-8A84-EA421DFFF6DE}.Release|Any CPU.ActiveCfg = Release|Any CPU
		{DF392677-B466-43D9-8A84-EA421DFFF6DE}.Release|Any CPU.Build.0 = Release|Any CPU
	EndGlobalSection
	GlobalSection(SolutionProperties) = preSolution
		HideSolutionNode = FALSE
	EndGlobalSection
	GlobalSection(ExtensibilityGlobals) = postSolution
		SolutionGuid = {2950B36F-6E21-4E21-8EE2-172A7ED98711}
	EndGlobalSection
EndGlobal
